
Microsoft Visual Studio Solution File, Format Version 12.00
# Visual Studio Version 17
VisualStudioVersion = 17.3.32728.150
MinimumVisualStudioVersion = 10.0.40219.1
Project("{FAE04EC0-301F-11D3-BF4B-00C04F79EFBC}") = "Project2.WebAPI", "Project2.WebAPI\Project2.WebAPI.csproj", "{BC68274B-910B-48DB-8629-13869F365350}"
EndProject
Global
	GlobalSection(SolutionConfigurationPlatforms) = preSolution
		Debug|Any CPU = Debug|Any CPU
		Release|Any CPU = Release|Any CPU
	EndGlobalSection
	GlobalSection(ProjectConfigurationPlatforms) = postSolution
		{BC68274B-910B-48DB-8629-13869F365350}.Debug|Any CPU.ActiveCfg = Debug|Any CPU
		{BC68274B-910B-48DB-8629-13869F365350}.Debug|Any CPU.Build.0 = Debug|Any CPU
		{BC68274B-910B-48DB-8629-13869F365350}.Release|Any CPU.ActiveCfg = Release|Any CPU
		{BC68274B-910B-48DB-8629-13869F365350}.Release|Any CPU.Build.0 = Release|Any CPU
	EndGlobalSection
	GlobalSection(SolutionProperties) = preSolution
		HideSolutionNode = FALSE
	EndGlobalSection
	GlobalSection(ExtensibilityGlobals) = postSolution
		SolutionGuid = {0EA5BBB6-87D5-4D30-8FBE-F6D6539F0C4E}
	EndGlobalSection
EndGlobal
